
Microsoft Visual Studio Solution File, Format Version 12.00
# Visual Studio 15
VisualStudioVersion = 15.0.26430.13
MinimumVisualStudioVersion = 10.0.40219.1
Project("{FAE04EC0-301F-11D3-BF4B-00C04F79EFBC}") = "Kztek.Core", "Kztek.Core\Kztek.Core.csproj", "{2E108CE3-6E45-41F7-AD83-DD8F8888B2AB}"
EndProject
Project("{FAE04EC0-301F-11D3-BF4B-00C04F79EFBC}") = "Kztek.Data", "Kztek.Data\Kztek.Data.csproj", "{9064C57C-4F60-4C54-BEF3-32BF8CA9D7D4}"
EndProject
Project("{FAE04EC0-301F-11D3-BF4B-00C04F79EFBC}") = "Kztek.Model", "Kztek.Model\Kztek.Model.csproj", "{28CDC5F9-A2FA-4D76-BC82-2312C9760B09}"
EndProject
Project("{FAE04EC0-301F-11D3-BF4B-00C04F79EFBC}") = "Kztek.Service", "Kztek.Service\Kztek.Service.csproj", "{D74B72EF-7B89-4C6A-A96A-2C024501E82A}"
EndProject
Project("{FAE04EC0-301F-11D3-BF4B-00C04F79EFBC}") = "Kztek.Web", "Kztek.Web\Kztek.Web.csproj", "{3EB5200F-037D-42EF-B3C1-8458801557CA}"
EndProject
Project("{FAE04EC0-301F-11D3-BF4B-00C04F79EFBC}") = "Kztek.Web.Core", "Kztek.Web.Core\Kztek.Web.Core.csproj", "{003202CB-FC7E-4157-A1DD-41C0B932095F}"
EndProject
Global
	GlobalSection(SolutionConfigurationPlatforms) = preSolution
		Debug|Any CPU = Debug|Any CPU
		Release|Any CPU = Release|Any CPU
	EndGlobalSection
	GlobalSection(ProjectConfigurationPlatforms) = postSolution
		{2E108CE3-6E45-41F7-AD83-DD8F8888B2AB}.Debug|Any CPU.ActiveCfg = Debug|Any CPU
		{2E108CE3-6E45-41F7-AD83-DD8F8888B2AB}.Debug|Any CPU.Build.0 = Debug|Any CPU
		{2E108CE3-6E45-41F7-AD83-DD8F8888B2AB}.Release|Any CPU.ActiveCfg = Release|Any CPU
		{2E108CE3-6E45-41F7-AD83-DD8F8888B2AB}.Release|Any CPU.Build.0 = Release|Any CPU
		{9064C57C-4F60-4C54-BEF3-32BF8CA9D7D4}.Debug|Any CPU.ActiveCfg = Debug|Any CPU
		{9064C57C-4F60-4C54-BEF3-32BF8CA9D7D4}.Debug|Any CPU.Build.0 = Debug|Any CPU
		{9064C57C-4F60-4C54-BEF3-32BF8CA9D7D4}.Release|Any CPU.ActiveCfg = Release|Any CPU
		{9064C57C-4F60-4C54-BEF3-32BF8CA9D7D4}.Release|Any CPU.Build.0 = Release|Any CPU
		{28CDC5F9-A2FA-4D76-BC82-2312C9760B09}.Debug|Any CPU.ActiveCfg = Debug|Any CPU
		{28CDC5F9-A2FA-4D76-BC82-2312C9760B09}.Debug|Any CPU.Build.0 = Debug|Any CPU
		{28CDC5F9-A2FA-4D76-BC82-2312C9760B09}.Release|Any CPU.ActiveCfg = Release|Any CPU
		{28CDC5F9-A2FA-4D76-BC82-2312C9760B09}.Release|Any CPU.Build.0 = Release|Any CPU
		{D74B72EF-7B89-4C6A-A96A-2C024501E82A}.Debug|Any CPU.ActiveCfg = Debug|Any CPU
		{D74B72EF-7B89-4C6A-A96A-2C024501E82A}.Debug|Any CPU.Build.0 = Debug|Any CPU
		{D74B72EF-7B89-4C6A-A96A-2C024501E82A}.Release|Any CPU.ActiveCfg = Release|Any CPU
		{D74B72EF-7B89-4C6A-A96A-2C024501E82A}.Release|Any CPU.Build.0 = Release|Any CPU
		{3EB5200F-037D-42EF-B3C1-8458801557CA}.Debug|Any CPU.ActiveCfg = Debug|Any CPU
		{3EB5200F-037D-42EF-B3C1-8458801557CA}.Debug|Any CPU.Build.0 = Debug|Any CPU
		{3EB5200F-037D-42EF-B3C1-8458801557CA}.Release|Any CPU.ActiveCfg = Release|Any CPU
		{3EB5200F-037D-42EF-B3C1-8458801557CA}.Release|Any CPU.Build.0 = Release|Any CPU
		{003202CB-FC7E-4157-A1DD-41C0B932095F}.Debug|Any CPU.ActiveCfg = Debug|Any CPU
		{003202CB-FC7E-4157-A1DD-41C0B932095F}.Debug|Any CPU.Build.0 = Debug|Any CPU
		{003202CB-FC7E-4157-A1DD-41C0B932095F}.Release|Any CPU.ActiveCfg = Release|Any CPU
		{003202CB-FC7E-4157-A1DD-41C0B932095F}.Release|Any CPU.Build.0 = Release|Any CPU
	EndGlobalSection
	GlobalSection(SolutionProperties) = preSolution
		HideSolutionNode = FALSE
	EndGlobalSection
	GlobalSection(ExtensibilityGlobals) = postSolution
		SolutionGuid = {A9470284-3000-462D-9878-455AA1EEDB75}
	EndGlobalSection
EndGlobal
